PODS:
  - Masonry (1.1.0)
  - ZGPageControl (0.1.0)

DEPENDENCIES:
  - Masonry
  - ZGPageControl (from `../`)

SPEC REPOS:
  trunk:
    - Masonry

EXTERNAL SOURCES:
  ZGPageControl:
    :path: "../"

SPEC CHECKSUMS:
  Masonry: 678fab65091a9290e40e2832a55e7ab731aad201
  ZGPageControl: 8f8d96de9649665287379c26f8e19ff2245f9f6d

PODFILE CHECKSUM: bc7ab0b4676f44fecad7935dd49a154fc0613145

COCOAPODS: 1.8.4
